// !$*UTF8*$!
{
	archiveVersion = 1;
	classes = {
	};
	objectVersion = 46;
	objects = {

/* Begin PBXBuildFile section */
		9F0C63871D2A80D0006151E7 /* Protocol.swift in Sources */ = {isa = PBXBuildFile; fileRef = 9F0C63861D2A80D0006151E7 /* Protocol.swift */; };
		9FC6B8FE1D0CE31E008F6D3A /* AppDelegate.swift in Sources */ = {isa = PBXBuildFile; fileRef = 9FC6B8FD1D0CE31E008F6D3A /* AppDelegate.swift */; };
		9FC6B9001D0CE31E008F6D3A /* ViewController.swift in Sources */ = {isa = PBXBuildFile; fileRef = 9FC6B8FF1D0CE31E008F6D3A /* ViewController.swift */; };
		9FC6B9031D0CE31E008F6D3A /* Main.storyboard in Resources */ = {isa = PBXBuildFile; fileRef = 9FC6B9011D0CE31E008F6D3A /* Main.storyboard */; };
		9FC6B9051D0CE31E008F6D3A /* Assets.xcassets in Resources */ = {isa = PBXBuildFile; fileRef = 9FC6B9041D0CE31E008F6D3A /* Assets.xcassets */; };
		9FC6B9081D0CE31E008F6D3A /* LaunchScreen.storyboard in Resources */ = {isa = PBXBuildFile; fileRef = 9FC6B9061D0CE31E008F6D3A /* LaunchScreen.storyboard */; };
		9FC6B9131D0CE31E008F6D3A /* Save_Date__Location___PhotoTests.swift in Sources */ = {isa = PBXBuildFile; fileRef = 9FC6B9121D0CE31E008F6D3A /* Save_Date__Location___PhotoTests.swift */; };
		9FC6B91E1D0CE31E008F6D3A /* Save_Date__Location___PhotoUITests.swift in Sources */ = {isa = PBXBuildFile; fileRef = 9FC6B91D1D0CE31E008F6D3A /* Save_Date__Location___PhotoUITests.swift */; };
		9FDEDF401D290E93008E013B /* myTableViewCell.swift in Sources */ = {isa = PBXBuildFile; fileRef = 9FDEDF3E1D290E93008E013B /* myTableViewCell.swift */; };
		9FDEDF411D290E93008E013B /* myTableViewCell.xib in Resources */ = {isa = PBXBuildFile; fileRef = 9FDEDF3F1D290E93008E013B /* myTableViewCell.xib */; };
		9FF83D3E1D102BB300B0DB8C /* addViewController.swift in Sources */ = {isa = PBXBuildFile; fileRef = 9FF83D3D1D102BB300B0DB8C /* addViewController.swift */; };
/* End PBXBuildFile section */

/* Begin PBXContainerItemProxy section */
		9FC6B90F1D0CE31E008F6D3A /* PBXContainerItemProxy */ = {
			isa = PBXContainerItemProxy;
			containerPortal = 9FC6B8F21D0CE31E008F6D3A /* Project object */;
			proxyType = 1;
			remoteGlobalIDString = 9FC6B8F91D0CE31E008F6D3A;
			remoteInfo = "Save Date, Location & Photo";
		};
		9FC6B91A1D0CE31E008F6D3A /* PBXContainerItemProxy */ = {
			isa = PBXContainerItemProxy;
			containerPortal = 9FC6B8F21D0CE31E008F6D3A /* Project object */;
			proxyType = 1;
			remoteGlobalIDString = 9FC6B8F91D0CE31E008F6D3A;
			remoteInfo = "Save Date, Location & Photo";
		};
/* End PBXContainerItemProxy section */

/* Begin PBXFileReference section */
		9F0C63861D2A80D0006151E7 /* Protocol.swift */ = {isa = PBXFileReference; fileEncoding = 4; lastKnownFileType = sourcecode.swift; path = Protocol.swift; sourceTree = "<group>"; };
		9FC6B8FA1D0CE31E008F6D3A /* Save Date, Location & Photo.app */ = {isa = PBXFileReference; explicitFileType = wrapper.application; includeInIndex = 0; path = "Save Date, Location & Photo.app"; sourceTree = BUILT_PRODUCTS_DIR; };
		9FC6B8FD1D0CE31E008F6D3A /* AppDelegate.swift */ = {isa = PBXFileReference; lastKnownFileType = sourcecode.swift; path = AppDelegate.swift; sourceTree = "<group>"; };
		9FC6B8FF1D0CE31E008F6D3A /* ViewController.swift */ = {isa = PBXFileReference; lastKnownFileType = sourcecode.swift; path = ViewController.swift; sourceTree = "<group>"; };
		9FC6B9021D0CE31E008F6D3A /* Base */ = {isa = PBXFileReference; lastKnownFileType = file.storyboard; name = Base; path = Base.lproj/Main.storyboard; sourceTree = "<group>"; };
		9FC6B9041D0CE31E008F6D3A /* Assets.xcassets */ = {isa = PBXFileReference; lastKnownFileType = folder.assetcatalog; path = Assets.xcassets; sourceTree = "<group>"; };
		9FC6B9071D0CE31E008F6D3A /* Base */ = {isa = PBXFileReference; lastKnownFileType = file.storyboard; name = Base; path = Base.lproj/LaunchScreen.storyboard; sourceTree = "<group>"; };
		9FC6B9091D0CE31E008F6D3A /* Info.plist */ = {isa = PBXFileReference; lastKnownFileType = text.plist.xml; path = Info.plist; sourceTree = "<group>"; };
		9FC6B90E1D0CE31E008F6D3A /* Save Date, Location & PhotoTests.xctest */ = {isa = PBXFileReference; explicitFileType = wrapper.cfbundle; includeInIndex = 0; path = "Save Date, Location & PhotoTests.xctest"; sourceTree = BUILT_PRODUCTS_DIR; };
		9FC6B9121D0CE31E008F6D3A /* Save_Date__Location___PhotoTests.swift */ = {isa = PBXFileReference; lastKnownFileType = sourcecode.swift; path = "Save_Date__Location___PhotoTests.swift"; sourceTree = "<group>"; };
		9FC6B9141D0CE31E008F6D3A /* Info.plist */ = {isa = PBXFileReference; lastKnownFileType = text.plist.xml; path = Info.plist; sourceTree = "<group>"; };
		9FC6B9191D0CE31E008F6D3A /* Save Date, Location & PhotoUITests.xctest */ = {isa = PBXFileReference; explicitFileType = wrapper.cfbundle; includeInIndex = 0; path = "Save Date, Location & PhotoUITests.xctest"; sourceTree = BUILT_PRODUCTS_DIR; };
		9FC6B91D1D0CE31E008F6D3A /* Save_Date__Location___PhotoUITests.swift */ = {isa = PBXFileReference; lastKnownFileType = sourcecode.swift; path = "Save_Date__Location___PhotoUITests.swift"; sourceTree = "<group>"; };
		9FC6B91F1D0CE31E008F6D3A /* Info.plist */ = {isa = PBXFileReference; lastKnownFileType = text.plist.xml; path = Info.plist; sourceTree = "<group>"; };
		9FDEDF3E1D290E93008E013B /* myTableViewCell.swift */ = {isa = PBXFileReference; fileEncoding = 4; lastKnownFileType = sourcecode.swift; path = myTableViewCell.swift; sourceTree = "<group>"; };
		9FDEDF3F1D290E93008E013B /* myTableViewCell.xib */ = {isa = PBXFileReference; fileEncoding = 4; lastKnownFileType = file.xib; path = myTableViewCell.xib; sourceTree = "<group>"; };
		9FF83D3D1D102BB300B0DB8C /* addViewController.swift */ = {isa = PBXFileReference; fileEncoding = 4; lastKnownFileType = sourcecode.swift; path = addViewController.swift; sourceTree = "<group>"; };
/* End PBXFileReference section */

/* Begin PBXFrameworksBuildPhase section */
		9FC6B8F71D0CE31E008F6D3A /* Frameworks */ = {
			isa = PBXFrameworksBuildPhase;
			buildActionMask = 2147483647;
			files = (
			);
			runOnlyForDeploymentPostprocessing = 0;
		};
		9FC6B90B1D0CE31E008F6D3A /* Frameworks */ = {
			isa = PBXFrameworksBuildPhase;
			buildActionMask = 2147483647;
			files = (
			);
			runOnlyForDeploymentPostprocessing = 0;
		};
		9FC6B9161D0CE31E008F6D3A /* Frameworks */ = {
			isa = PBXFrameworksBuildPhase;
			buildActionMask = 2147483647;
			files = (
			);
			runOnlyForDeploymentPostprocessing = 0;
		};
/* End PBXFrameworksBuildPhase section */

/* Begin PBXGroup section */
		9FC6B8F11D0CE31E008F6D3A = {
			isa = PBXGroup;
			children = (
				9FC6B8FC1D0CE31E008F6D3A /* Save Date, Location & Photo */,
				9FC6B9111D0CE31E008F6D3A /* Save Date, Location & PhotoTests */,
				9FC6B91C1D0CE31E008F6D3A /* Save Date, Location & PhotoUITests */,
				9FC6B8FB1D0CE31E008F6D3A /* Products */,
			);
			sourceTree = "<group>";
		};
		9FC6B8FB1D0CE31E008F6D3A /* Products */ = {
			isa = PBXGroup;
			children = (
				9FC6B8FA1D0CE31E008F6D3A /* Save Date, Location & Photo.app */,
				9FC6B90E1D0CE31E008F6D3A /* Save Date, Location & PhotoTests.xctest */,
				9FC6B9191D0CE31E008F6D3A /* Save Date, Location & PhotoUITests.xctest */,
			);
			name = Products;
			sourceTree = "<group>";
		};
		9FC6B8FC1D0CE31E008F6D3A /* Save Date, Location & Photo */ = {
			isa = PBXGroup;
			children = (
				9FC6B8FD1D0CE31E008F6D3A /* AppDelegate.swift */,
				9FC6B8FF1D0CE31E008F6D3A /* ViewController.swift */,
				9FC6B9011D0CE31E008F6D3A /* Main.storyboard */,
				9FC6B9041D0CE31E008F6D3A /* Assets.xcassets */,
				9FC6B9061D0CE31E008F6D3A /* LaunchScreen.storyboard */,
				9FC6B9091D0CE31E008F6D3A /* Info.plist */,
				9FF83D3D1D102BB300B0DB8C /* addViewController.swift */,
				9FDEDF3E1D290E93008E013B /* myTableViewCell.swift */,
				9FDEDF3F1D290E93008E013B /* myTableViewCell.xib */,
				9F0C63861D2A80D0006151E7 /* Protocol.swift */,
			);
			path = "Save Date, Location & Photo";
			sourceTree = "<group>";
		};
		9FC6B9111D0CE31E008F6D3A /* Save Date, Location & PhotoTests */ = {
			isa = PBXGroup;
			children = (
				9FC6B9121D0CE31E008F6D3A /* Save_Date__Location___PhotoTests.swift */,
				9FC6B9141D0CE31E008F6D3A /* Info.plist */,
			);
			path = "Save Date, Location & PhotoTests";
			sourceTree = "<group>";
		};
		9FC6B91C1D0CE31E008F6D3A /* Save Date, Location & PhotoUITests */ = {
			isa = PBXGroup;
			children = (
				9FC6B91D1D0CE31E008F6D3A /* Save_Date__Location___PhotoUITests.swift */,
				9FC6B91F1D0CE31E008F6D3A /* Info.plist */,
			);
			path = "Save Date, Location & PhotoUITests";
			sourceTree = "<group>";
		};
/* End PBXGroup section */

/* Begin PBXNativeTarget section */
		9FC6B8F91D0CE31E008F6D3A /* Save Date, Location & Photo */ = {
			isa = PBXNativeTarget;
			buildConfigurationList = 9FC6B9221D0CE31E008F6D3A /* Build configuration list for PBXNativeTarget "Save Date, Location & Photo" */;
			buildPhases = (
				9FC6B8F61D0CE31E008F6D3A /* Sources */,
				9FC6B8F71D0CE31E008F6D3A /* Frameworks */,
				9FC6B8F81D0CE31E008F6D3A /* Resources */,
			);
			buildRules = (
			);
			dependencies = (
			);
			name = "Save Date, Location & Photo";
			productName = "Save Date, Location & Photo";
			productReference = 9FC6B8FA1D0CE31E008F6D3A /* Save Date, Location & Photo.app */;
			productType = "com.apple.product-type.application";
		};
		9FC6B90D1D0CE31E008F6D3A /* Save Date, Location & PhotoTests */ = {
			isa = PBXNativeTarget;
			buildConfigurationList = 9FC6B9251D0CE31E008F6D3A /* Build configuration list for PBXNativeTarget "Save Date, Location & PhotoTests" */;
			buildPhases = (
				9FC6B90A1D0CE31E008F6D3A /* Sources */,
				9FC6B90B1D0CE31E008F6D3A /* Frameworks */,
				9FC6B90C1D0CE31E008F6D3A /* Resources */,
			);
			buildRules = (
			);
			dependencies = (
				9FC6B9101D0CE31E008F6D3A /* PBXTargetDependency */,
			);
			name = "Save Date, Location & PhotoTests";
			productName = "Save Date, Location & PhotoTests";
			productReference = 9FC6B90E1D0CE31E008F6D3A /* Save Date, Location & PhotoTests.xctest */;
			productType = "com.apple.product-type.bundle.unit-test";
		};
		9FC6B9181D0CE31E008F6D3A /* Save Date, Location & PhotoUITests */ = {
			isa = PBXNativeTarget;
			buildConfigurationList = 9FC6B9281D0CE31E008F6D3A /* Build configuration list for PBXNativeTarget "Save Date, Location & PhotoUITests" */;
			buildPhases = (
				9FC6B9151D0CE31E008F6D3A /* Sources */,
				9FC6B9161D0CE31E008F6D3A /* Frameworks */,
				9FC6B9171D0CE31E008F6D3A /* Resources */,
			);
			buildRules = (
			);
			dependencies = (
				9FC6B91B1D0CE31E008F6D3A /* PBXTargetDependency */,
			);
			name = "Save Date, Location & PhotoUITests";
			productName = "Save Date, Location & PhotoUITests";
			productReference = 9FC6B9191D0CE31E008F6D3A /* Save Date, Location & PhotoUITests.xctest */;
			productType = "com.apple.product-type.bundle.ui-testing";
		};
/* End PBXNativeTarget section */

/* Begin PBXProject section */
		9FC6B8F21D0CE31E008F6D3A /* Project object */ = {
			isa = PBXProject;
			attributes = {
				LastSwiftUpdateCheck = 0730;
				LastUpgradeCheck = 0730;
				ORGANIZATIONNAME = MY;
				TargetAttributes = {
					9FC6B8F91D0CE31E008F6D3A = {
						CreatedOnToolsVersion = 7.3.1;
						DevelopmentTeam = AW78MWKGH6;
					};
					9FC6B90D1D0CE31E008F6D3A = {
						CreatedOnToolsVersion = 7.3.1;
						TestTargetID = 9FC6B8F91D0CE31E008F6D3A;
					};
					9FC6B9181D0CE31E008F6D3A = {
						CreatedOnToolsVersion = 7.3.1;
						TestTargetID = 9FC6B8F91D0CE31E008F6D3A;
					};
				};
			};
			buildConfigurationList = 9FC6B8F51D0CE31E008F6D3A /* Build configuration list for PBXProject "Save Date, Location & Photo" */;
			compatibilityVersion = "Xcode 3.2";
			developmentRegion = English;
			hasScannedForEncodings = 0;
			knownRegions = (
				en,
				Base,
			);
			mainGroup = 9FC6B8F11D0CE31E008F6D3A;
			productRefGroup = 9FC6B8FB1D0CE31E008F6D3A /* Products */;
			projectDirPath = "";
			projectRoot = "";
			targets = (
				9FC6B8F91D0CE31E008F6D3A /* Save Date, Location & Photo */,
				9FC6B90D1D0CE31E008F6D3A /* Save Date, Location & PhotoTests */,
				9FC6B9181D0CE31E008F6D3A /* Save Date, Location & PhotoUITests */,
			);
		};
/* End PBXProject section */

/* Begin PBXResourcesBuildPhase section */
		9FC6B8F81D0CE31E008F6D3A /* Resources */ = {
			isa = PBXResourcesBuildPhase;
			buildActionMask = 2147483647;
			files = (
				9FC6B9081D0CE31E008F6D3A /* LaunchScreen.storyboard in Resources */,
				9FDEDF411D290E93008E013B /* myTableViewCell.xib in Resources */,
				9FC6B9051D0CE31E008F6D3A /* Assets.xcassets in Resources */,
				9FC6B9031D0CE31E008F6D3A /* Main.storyboard in Resources */,
			);
			runOnlyForDeploymentPostprocessing = 0;
		};
		9FC6B90C1D0CE31E008F6D3A /* Resources */ = {
			isa = PBXResourcesBuildPhase;
			buildActionMask = 2147483647;
			files = (
			);
			runOnlyForDeploymentPostprocessing = 0;
		};
		9FC6B9171D0CE31E008F6D3A /* Resources */ = {
			isa = PBXResourcesBuildPhase;
			buildActionMask = 2147483647;
			files = (
			);
			runOnlyForDeploymentPostprocessing = 0;
		};
/* End PBXResourcesBuildPhase section */

/* Begin PBXSourcesBuildPhase section */
		9FC6B8F61D0CE31E008F6D3A /* Sources */ = {
			isa = PBXSourcesBuildPhase;
			buildActionMask = 2147483647;
			files = (
				9FC6B9001D0CE31E008F6D3A /* ViewController.swift in Sources */,
				9FDEDF401D290E93008E013B /* myTableViewCell.swift in Sources */,
				9FF83D3E1D102BB300B0DB8C /* addViewController.swift in Sources */,
				9FC6B8FE1D0CE31E008F6D3A /* AppDelegate.swift in Sources */,
				9F0C63871D2A80D0006151E7 /* Protocol.swift in Sources */,
			);
			runOnlyForDeploymentPostprocessing = 0;
		};
		9FC6B90A1D0CE31E008F6D3A /* Sources */ = {
			isa = PBXSourcesBuildPhase;
			buildActionMask = 2147483647;
			files = (
				9FC6B9131D0CE31E008F6D3A /* Save_Date__Location___PhotoTests.swift in Sources */,
			);
			runOnlyForDeploymentPostprocessing = 0;
		};
		9FC6B9151D0CE31E008F6D3A /* Sources */ = {
			isa = PBXSourcesBuildPhase;
			buildActionMask = 2147483647;
			files = (
				9FC6B91E1D0CE31E008F6D3A /* Save_Date__Location___PhotoUITests.swift in Sources */,
			);
			runOnlyForDeploymentPostprocessing = 0;
		};
/* End PBXSourcesBuildPhase section */

/* Begin PBXTargetDependency section */
		9FC6B9101D0CE31E008F6D3A /* PBXTargetDependency */ = {
			isa = PBXTargetDependency;
			target = 9FC6B8F91D0CE31E008F6D3A /* Save Date, Location & Photo */;
			targetProxy = 9FC6B90F1D0CE31E008F6D3A /* PBXContainerItemProxy */;
		};
		9FC6B91B1D0CE31E008F6D3A /* PBXTargetDependency */ = {
			isa = PBXTargetDependency;
			target = 9FC6B8F91D0CE31E008F6D3A /* Save Date, Location & Photo */;
			targetProxy = 9FC6B91A1D0CE31E008F6D3A /* PBXContainerItemProxy */;
		};
/* End PBXTargetDependency section */

/* Begin PBXVariantGroup section */
		9FC6B9011D0CE31E008F6D3A /* Main.storyboard */ = {
			isa = PBXVariantGroup;
			children = (
				9FC6B9021D0CE31E008F6D3A /* Base */,
			);
			name = Main.storyboard;
			sourceTree = "<group>";
		};
		9FC6B9061D0CE31E008F6D3A /* LaunchScreen.storyboard */ = {
			isa = PBXVariantGroup;
			children = (
				9FC6B9071D0CE31E008F6D3A /* Base */,
			);
			name = LaunchScreen.storyboard;
			sourceTree = "<group>";
		};
/* End PBXVariantGroup section */

/* Begin XCBuildConfiguration section */
		9FC6B9201D0CE31E008F6D3A /* Debug */ = {
			isa = XCBuildConfiguration;
			buildSettings = {
				ALWAYS_SEARCH_USER_PATHS = NO;
				CLANG_ANALYZER_NONNULL = YES;
				CLANG_CXX_LANGUAGE_STANDARD = "gnu++0x";
				CLANG_CXX_LIBRARY = "libc++";
				CLANG_ENABLE_MODULES = YES;
				CLANG_ENABLE_OBJC_ARC = YES;
				CLANG_WARN_BOOL_CONVERSION = YES;
				CLANG_WARN_CONSTANT_CONVERSION = YES;
				CLANG_WARN_DIRECT_OBJC_ISA_USAGE = YES_ERROR;
				CLANG_WARN_EMPTY_BODY = YES;
				CLANG_WARN_ENUM_CONVERSION = YES;
				CLANG_WARN_INT_CONVERSION = YES;
				CLANG_WARN_OBJC_ROOT_CLASS = YES_ERROR;
				CLANG_WARN_UNREACHABLE_CODE = YES;
				CLANG_WARN__DUPLICATE_METHOD_MATCH = YES;
				"CODE_SIGN_IDENTITY[sdk=iphoneos*]" = "iPhone Developer";
				COPY_PHASE_STRIP = NO;
				DEBUG_INFORMATION_FORMAT = dwarf;
				ENABLE_STRICT_OBJC_MSGSEND = YES;
				ENABLE_TESTABILITY = YES;
				GCC_C_LANGUAGE_STANDARD = gnu99;
				GCC_DYNAMIC_NO_PIC = NO;
				GCC_NO_COMMON_BLOCKS = YES;
				GCC_OPTIMIZATION_LEVEL = 0;
				GCC_PREPROCESSOR_DEFINITIONS = (
					"DEBUG=1",
					"$(inherited)",
				);
				GCC_WARN_64_TO_32_BIT_CONVERSION = YES;
				GCC_WARN_ABOUT_RETURN_TYPE = YES_ERROR;
				GCC_WARN_UNDECLARED_SELECTOR = YES;
				GCC_WARN_UNINITIALIZED_AUTOS = YES_AGGRESSIVE;
				GCC_WARN_UNUSED_FUNCTION = YES;
				GCC_WARN_UNUSED_VARIABLE = YES;
				IPHONEOS_DEPLOYMENT_TARGET = 9.3;
				MTL_ENABLE_DEBUG_INFO = YES;
				ONLY_ACTIVE_ARCH = YES;
				SDKROOT = iphoneos;
				SWIFT_OPTIMIZATION_LEVEL = "-Onone";
				TARGETED_DEVICE_FAMILY = "1,2";
			};
			name = Debug;
		};
		9FC6B9211D0CE31E008F6D3A /* Release */ = {
			isa = XCBuildConfiguration;
			buildSettings = {
				ALWAYS_SEARCH_USER_PATHS = NO;
				CLANG_ANALYZER_NONNULL = YES;
				CLANG_CXX_LANGUAGE_STANDARD = "gnu++0x";
				CLANG_CXX_LIBRARY = "libc++";
				CLANG_ENABLE_MODULES = YES;
				CLANG_ENABLE_OBJC_ARC = YES;
				CLANG_WARN_BOOL_CONVERSION = YES;
				CLANG_WARN_CONSTANT_CONVERSION = YES;
				CLANG_WARN_DIRECT_OBJC_ISA_USAGE = YES_ERROR;
				CLANG_WARN_EMPTY_BODY = YES;
				CLANG_WARN_ENUM_CONVERSION = YES;
				CLANG_WARN_INT_CONVERSION = YES;
				CLANG_WARN_OBJC_ROOT_CLASS = YES_ERROR;
				CLANG_WARN_UNREACHABLE_CODE = YES;
				CLANG_WARN__DUPLICATE_METHOD_MATCH = YES;
				"CODE_SIGN_IDENTITY[sdk=iphoneos*]" = "iPhone Developer";
				COPY_PHASE_STRIP = NO;
				DEBUG_INFORMATION_FORMAT = "dwarf-with-dsym";
				ENABLE_NS_ASSERTIONS = NO;
				ENABLE_STRICT_OBJC_MSGSEND = YES;
				GCC_C_LANGUAGE_STANDARD = gnu99;
				GCC_NO_COMMON_BLOCKS = YES;
				GCC_WARN_64_TO_32_BIT_CONVERSION = YES;
				GCC_WARN_ABOUT_RETURN_TYPE = YES_ERROR;
				GCC_WARN_UNDECLARED_SELECTOR = YES;
				GCC_WARN_UNINITIALIZED_AUTOS = YES_AGGRESSIVE;
				GCC_WARN_UNUSED_FUNCTION = YES;
				GCC_WARN_UNUSED_VARIABLE = YES;
				IPHONEOS_DEPLOYMENT_TARGET = 9.3;
				MTL_ENABLE_DEBUG_INFO = NO;
				SDKROOT = iphoneos;
				TARGETED_DEVICE_FAMILY = "1,2";
				VALIDATE_PRODUCT = YES;
			};
			name = Release;
		};
		9FC6B9231D0CE31E008F6D3A /* Debug */ = {
			isa = XCBuildConfiguration;
			buildSettings = {
				ASSETCATALOG_COMPILER_APPICON_NAME = AppIcon;
				CODE_SIGN_IDENTITY = "iPhone Developer";
				"CODE_SIGN_IDENTITY[sdk=iphoneos*]" = "iPhone Developer";
				INFOPLIST_FILE = "Save Date, Location & Photo/Info.plist";
				LD_RUNPATH_SEARCH_PATHS = "$(inherited) @executable_path/Frameworks";
				PRODUCT_BUNDLE_IDENTIFIER = "InvisibleElephant.Save-Date--Location---Photo";
				PRODUCT_NAME = "$(TARGET_NAME)";
				PROVISIONING_PROFILE = "";
			};
			name = Debug;
		};
		9FC6B9241D0CE31E008F6D3A /* Release */ = {
			isa = XCBuildConfiguration;
			buildSettings = {
				ASSETCATALOG_COMPILER_APPICON_NAME = AppIcon;
				CODE_SIGN_IDENTITY = "iPhone Developer";
				"CODE_SIGN_IDENTITY[sdk=iphoneos*]" = "iPhone Developer";
				INFOPLIST_FILE = "Save Date, Location & Photo/Info.plist";
				LD_RUNPATH_SEARCH_PATHS = "$(inherited) @executable_path/Frameworks";
				PRODUCT_BUNDLE_IDENTIFIER = "InvisibleElephant.Save-Date--Location---Photo";
				PRODUCT_NAME = "$(TARGET_NAME)";
				PROVISIONING_PROFILE = "";
			};
			name = Release;
		};
		9FC6B9261D0CE31E008F6D3A /* Debug */ = {
			isa = XCBuildConfiguration;
			buildSettings = {
				BUNDLE_LOADER = "$(TEST_HOST)";
				INFOPLIST_FILE = "Save Date, Location & PhotoTests/Info.plist";
				LD_RUNPATH_SEARCH_PATHS = "$(inherited) @executable_path/Frameworks @loader_path/Frameworks";
				PRODUCT_BUNDLE_IDENTIFIER = "InvisibleElephant.Save-Date--Location---PhotoTests";
				PRODUCT_NAME = "$(TARGET_NAME)";
				TEST_HOST = "$(BUILT_PRODUCTS_DIR)/Save Date, Location & Photo.app/Save Date, Location & Photo";
			};
			name = Debug;
		};
		9FC6B9271D0CE31E008F6D3A /* Release */ = {
			isa = XCBuildConfiguration;
			buildSettings = {
				BUNDLE_LOADER = "$(TEST_HOST)";
				INFOPLIST_FILE = "Save Date, Location & PhotoTests/Info.plist";
				LD_RUNPATH_SEARCH_PATHS = "$(inherited) @executable_path/Frameworks @loader_path/Frameworks";
				PRODUCT_BUNDLE_IDENTIFIER = "InvisibleElephant.Save-Date--Location---PhotoTests";
				PRODUCT_NAME = "$(TARGET_NAME)";
				TEST_HOST = "$(BUILT_PRODUCTS_DIR)/Save Date, Location & Photo.app/Save Date, Location & Photo";
			};
			name = Release;
		};
		9FC6B9291D0CE31E008F6D3A /* Debug */ = {
			isa = XCBuildConfiguration;
			buildSettings = {
				INFOPLIST_FILE = "Save Date, Location & PhotoUITests/Info.plist";
				LD_RUNPATH_SEARCH_PATHS = "$(inherited) @executable_path/Frameworks @loader_path/Frameworks";
				PRODUCT_BUNDLE_IDENTIFIER = "InvisibleElephant.Save-Date--Location---PhotoUITests";
				PRODUCT_NAME = "$(TARGET_NAME)";
				TEST_TARGET_NAME = "Save Date, Location & Photo";
			};
			name = Debug;
		};
		9FC6B92A1D0CE31E008F6D3A /* Release */ = {
			isa = XCBuildConfiguration;
			buildSettings = {
				INFOPLIST_FILE = "Save Date, Location & PhotoUITests/Info.plist";
				LD_RUNPATH_SEARCH_PATHS = "$(inherited) @executable_path/Frameworks @loader_path/Frameworks";
				PRODUCT_BUNDLE_IDENTIFIER = "InvisibleElephant.Save-Date--Location---PhotoUITests";
				PRODUCT_NAME = "$(TARGET_NAME)";
				TEST_TARGET_NAME = "Save Date, Location & Photo";
			};
			name = Release;
		};
/* End XCBuildConfiguration section */

/* Begin XCConfigurationList section */
		9FC6B8F51D0CE31E008F6D3A /* Build configuration list for PBXProject "Save Date, Location & Photo" */ = {
			isa = XCConfigurationList;
			buildConfigurations = (
				9FC6B9201D0CE31E008F6D3A /* Debug */,
				9FC6B9211D0CE31E008F6D3A /* Release */,
			);
			defaultConfigurationIsVisible = 0;
			defaultConfigurationName = Release;
		};
		9FC6B9221D0CE31E008F6D3A /* Build configuration list for PBXNativeTarget "Save Date, Location & Photo" */ = {
			isa = XCConfigurationList;
			buildConfigurations = (
				9FC6B9231D0CE31E008F6D3A /* Debug */,
				9FC6B9241D0CE31E008F6D3A /* Release */,
			);
			defaultConfigurationIsVisible = 0;
			defaultConfigurationName = Release;
		};
		9FC6B9251D0CE31E008F6D3A /* Build configuration list for PBXNativeTarget "Save Date, Location & PhotoTests" */ = {
			isa = XCConfigurationList;
			buildConfigurations = (
				9FC6B9261D0CE31E008F6D3A /* Debug */,
				9FC6B9271D0CE31E008F6D3A /* Release */,
			);
			defaultConfigurationIsVisible = 0;
			defaultConfigurationName = Release;
		};
		9FC6B9281D0CE31E008F6D3A /* Build configuration list for PBXNativeTarget "Save Date, Location & PhotoUITests" */ = {
			isa = XCConfigurationList;
			buildConfigurations = (
				9FC6B9291D0CE31E008F6D3A /* Debug */,
				9FC6B92A1D0CE31E008F6D3A /* Release */,
			);
			defaultConfigurationIsVisible = 0;
			defaultConfigurationName = Release;
		};
/* End XCConfigurationList section */
	};
	rootObject = 9FC6B8F21D0CE31E008F6D3A /* Project object */;
}
