// !$*UTF8*$!
{
	archiveVersion = 1;
	classes = {
	};
	objectVersion = 46;
	objects = {

/* Begin PBXBuildFile section */
		9F0A58C91CFABC1700CA2552 /* DetailViewController.swift in Sources */ = {isa = PBXBuildFile; fileRef = 9F0A58C81CFABC1700CA2552 /* DetailViewController.swift */; };
		9F5627411CFA8C3E0072BE3D /* ContactModel.swift in Sources */ = {isa = PBXBuildFile; fileRef = 9F5627401CFA8C3E0072BE3D /* ContactModel.swift */; };
		9F5E4BB11CF877140054189E /* AppDelegate.swift in Sources */ = {isa = PBXBuildFile; fileRef = 9F5E4BB01CF877140054189E /* AppDelegate.swift */; };
		9F5E4BB31CF877140054189E /* ViewController.swift in Sources */ = {isa = PBXBuildFile; fileRef = 9F5E4BB21CF877140054189E /* ViewController.swift */; };
		9F5E4BB61CF877140054189E /* Main.storyboard in Resources */ = {isa = PBXBuildFile; fileRef = 9F5E4BB41CF877140054189E /* Main.storyboard */; };
		9F5E4BB81CF877140054189E /* Assets.xcassets in Resources */ = {isa = PBXBuildFile; fileRef = 9F5E4BB71CF877140054189E /* Assets.xcassets */; };
		9F5E4BBB1CF877140054189E /* LaunchScreen.storyboard in Resources */ = {isa = PBXBuildFile; fileRef = 9F5E4BB91CF877140054189E /* LaunchScreen.storyboard */; };
		9F5E4BC61CF877140054189E /* From_Sketch_to_XCodeTests.swift in Sources */ = {isa = PBXBuildFile; fileRef = 9F5E4BC51CF877140054189E /* From_Sketch_to_XCodeTests.swift */; };
		9F5E4BD11CF877140054189E /* From_Sketch_to_XCodeUITests.swift in Sources */ = {isa = PBXBuildFile; fileRef = 9F5E4BD01CF877140054189E /* From_Sketch_to_XCodeUITests.swift */; };
		9F96D7411CFC5E010095F19E /* cog-wheel.png in Resources */ = {isa = PBXBuildFile; fileRef = 9F96D73F1CFC5E010095F19E /* cog-wheel.png */; };
		9F96D7421CFC5E010095F19E /* cog.png in Resources */ = {isa = PBXBuildFile; fileRef = 9F96D7401CFC5E010095F19E /* cog.png */; };
/* End PBXBuildFile section */

/* Begin PBXContainerItemProxy section */
		9F5E4BC21CF877140054189E /* PBXContainerItemProxy */ = {
			isa = PBXContainerItemProxy;
			containerPortal = 9F5E4BA51CF877140054189E /* Project object */;
			proxyType = 1;
			remoteGlobalIDString = 9F5E4BAC1CF877140054189E;
			remoteInfo = "From Sketch to XCode";
		};
		9F5E4BCD1CF877140054189E /* PBXContainerItemProxy */ = {
			isa = PBXContainerItemProxy;
			containerPortal = 9F5E4BA51CF877140054189E /* Project object */;
			proxyType = 1;
			remoteGlobalIDString = 9F5E4BAC1CF877140054189E;
			remoteInfo = "From Sketch to XCode";
		};
/* End PBXContainerItemProxy section */

/* Begin PBXFileReference section */
		9F0A58C81CFABC1700CA2552 /* DetailViewController.swift */ = {isa = PBXFileReference; fileEncoding = 4; lastKnownFileType = sourcecode.swift; path = DetailViewController.swift; sourceTree = "<group>"; };
		9F5627401CFA8C3E0072BE3D /* ContactModel.swift */ = {isa = PBXFileReference; fileEncoding = 4; lastKnownFileType = sourcecode.swift; path = ContactModel.swift; sourceTree = "<group>"; };
		9F5E4BAD1CF877140054189E /* From Sketch to XCode.app */ = {isa = PBXFileReference; explicitFileType = wrapper.application; includeInIndex = 0; path = "From Sketch to XCode.app"; sourceTree = BUILT_PRODUCTS_DIR; };
		9F5E4BB01CF877140054189E /* AppDelegate.swift */ = {isa = PBXFileReference; lastKnownFileType = sourcecode.swift; path = AppDelegate.swift; sourceTree = "<group>"; };
		9F5E4BB21CF877140054189E /* ViewController.swift */ = {isa = PBXFileReference; lastKnownFileType = sourcecode.swift; path = ViewController.swift; sourceTree = "<group>"; };
		9F5E4BB51CF877140054189E /* Base */ = {isa = PBXFileReference; lastKnownFileType = file.storyboard; name = Base; path = Base.lproj/Main.storyboard; sourceTree = "<group>"; };
		9F5E4BB71CF877140054189E /* Assets.xcassets */ = {isa = PBXFileReference; lastKnownFileType = folder.assetcatalog; path = Assets.xcassets; sourceTree = "<group>"; };
		9F5E4BBA1CF877140054189E /* Base */ = {isa = PBXFileReference; lastKnownFileType = file.storyboard; name = Base; path = Base.lproj/LaunchScreen.storyboard; sourceTree = "<group>"; };
		9F5E4BBC1CF877140054189E /* Info.plist */ = {isa = PBXFileReference; lastKnownFileType = text.plist.xml; path = Info.plist; sourceTree = "<group>"; };
		9F5E4BC11CF877140054189E /* From Sketch to XCodeTests.xctest */ = {isa = PBXFileReference; explicitFileType = wrapper.cfbundle; includeInIndex = 0; path = "From Sketch to XCodeTests.xctest"; sourceTree = BUILT_PRODUCTS_DIR; };
		9F5E4BC51CF877140054189E /* From_Sketch_to_XCodeTests.swift */ = {isa = PBXFileReference; lastKnownFileType = sourcecode.swift; path = From_Sketch_to_XCodeTests.swift; sourceTree = "<group>"; };
		9F5E4BC71CF877140054189E /* Info.plist */ = {isa = PBXFileReference; lastKnownFileType = text.plist.xml; path = Info.plist; sourceTree = "<group>"; };
		9F5E4BCC1CF877140054189E /* From Sketch to XCodeUITests.xctest */ = {isa = PBXFileReference; explicitFileType = wrapper.cfbundle; includeInIndex = 0; path = "From Sketch to XCodeUITests.xctest"; sourceTree = BUILT_PRODUCTS_DIR; };
		9F5E4BD01CF877140054189E /* From_Sketch_to_XCodeUITests.swift */ = {isa = PBXFileReference; lastKnownFileType = sourcecode.swift; path = From_Sketch_to_XCodeUITests.swift; sourceTree = "<group>"; };
		9F5E4BD21CF877140054189E /* Info.plist */ = {isa = PBXFileReference; lastKnownFileType = text.plist.xml; path = Info.plist; sourceTree = "<group>"; };
		9F96D73F1CFC5E010095F19E /* cog-wheel.png */ = {isa = PBXFileReference; lastKnownFileType = image.png; name = "cog-wheel.png"; path = "images/cog-wheel.png"; sourceTree = "<group>"; };
		9F96D7401CFC5E010095F19E /* cog.png */ = {isa = PBXFileReference; lastKnownFileType = image.png; name = cog.png; path = images/cog.png; sourceTree = "<group>"; };
/* End PBXFileReference section */

/* Begin PBXFrameworksBuildPhase section */
		9F5E4BAA1CF877140054189E /* Frameworks */ = {
			isa = PBXFrameworksBuildPhase;
			buildActionMask = 2147483647;
			files = (
			);
			runOnlyForDeploymentPostprocessing = 0;
		};
		9F5E4BBE1CF877140054189E /* Frameworks */ = {
			isa = PBXFrameworksBuildPhase;
			buildActionMask = 2147483647;
			files = (
			);
			runOnlyForDeploymentPostprocessing = 0;
		};
		9F5E4BC91CF877140054189E /* Frameworks */ = {
			isa = PBXFrameworksBuildPhase;
			buildActionMask = 2147483647;
			files = (
			);
			runOnlyForDeploymentPostprocessing = 0;
		};
/* End PBXFrameworksBuildPhase section */

/* Begin PBXGroup section */
		9F5E4BA41CF877140054189E = {
			isa = PBXGroup;
			children = (
				9F5E4BAF1CF877140054189E /* From Sketch to XCode */,
				9F5E4BC41CF877140054189E /* From Sketch to XCodeTests */,
				9F5E4BCF1CF877140054189E /* From Sketch to XCodeUITests */,
				9F5E4BAE1CF877140054189E /* Products */,
			);
			sourceTree = "<group>";
		};
		9F5E4BAE1CF877140054189E /* Products */ = {
			isa = PBXGroup;
			children = (
				9F5E4BAD1CF877140054189E /* From Sketch to XCode.app */,
				9F5E4BC11CF877140054189E /* From Sketch to XCodeTests.xctest */,
				9F5E4BCC1CF877140054189E /* From Sketch to XCodeUITests.xctest */,
			);
			name = Products;
			sourceTree = "<group>";
		};
		9F5E4BAF1CF877140054189E /* From Sketch to XCode */ = {
			isa = PBXGroup;
			children = (
				9FFE77551CF9D0FB005E5616 /* images */,
				9F5E4BB01CF877140054189E /* AppDelegate.swift */,
				9F5E4BB21CF877140054189E /* ViewController.swift */,
				9F5E4BB41CF877140054189E /* Main.storyboard */,
				9F5E4BB71CF877140054189E /* Assets.xcassets */,
				9F5E4BB91CF877140054189E /* LaunchScreen.storyboard */,
				9F5E4BBC1CF877140054189E /* Info.plist */,
				9F5627401CFA8C3E0072BE3D /* ContactModel.swift */,
				9F0A58C81CFABC1700CA2552 /* DetailViewController.swift */,
			);
			path = "From Sketch to XCode";
			sourceTree = "<group>";
		};
		9F5E4BC41CF877140054189E /* From Sketch to XCodeTests */ = {
			isa = PBXGroup;
			children = (
				9F5E4BC51CF877140054189E /* From_Sketch_to_XCodeTests.swift */,
				9F5E4BC71CF877140054189E /* Info.plist */,
			);
			path = "From Sketch to XCodeTests";
			sourceTree = "<group>";
		};
		9F5E4BCF1CF877140054189E /* From Sketch to XCodeUITests */ = {
			isa = PBXGroup;
			children = (
				9F5E4BD01CF877140054189E /* From_Sketch_to_XCodeUITests.swift */,
				9F5E4BD21CF877140054189E /* Info.plist */,
			);
			path = "From Sketch to XCodeUITests";
			sourceTree = "<group>";
		};
		9FFE77551CF9D0FB005E5616 /* images */ = {
			isa = PBXGroup;
			children = (
				9F96D73F1CFC5E010095F19E /* cog-wheel.png */,
				9F96D7401CFC5E010095F19E /* cog.png */,
			);
			name = images;
			sourceTree = "<group>";
		};
/* End PBXGroup section */

/* Begin PBXNativeTarget section */
		9F5E4BAC1CF877140054189E /* From Sketch to XCode */ = {
			isa = PBXNativeTarget;
			buildConfigurationList = 9F5E4BD51CF877140054189E /* Build configuration list for PBXNativeTarget "From Sketch to XCode" */;
			buildPhases = (
				9F5E4BA91CF877140054189E /* Sources */,
				9F5E4BAA1CF877140054189E /* Frameworks */,
				9F5E4BAB1CF877140054189E /* Resources */,
			);
			buildRules = (
			);
			dependencies = (
			);
			name = "From Sketch to XCode";
			productName = "From Sketch to XCode";
			productReference = 9F5E4BAD1CF877140054189E /* From Sketch to XCode.app */;
			productType = "com.apple.product-type.application";
		};
		9F5E4BC01CF877140054189E /* From Sketch to XCodeTests */ = {
			isa = PBXNativeTarget;
			buildConfigurationList = 9F5E4BD81CF877140054189E /* Build configuration list for PBXNativeTarget "From Sketch to XCodeTests" */;
			buildPhases = (
				9F5E4BBD1CF877140054189E /* Sources */,
				9F5E4BBE1CF877140054189E /* Frameworks */,
				9F5E4BBF1CF877140054189E /* Resources */,
			);
			buildRules = (
			);
			dependencies = (
				9F5E4BC31CF877140054189E /* PBXTargetDependency */,
			);
			name = "From Sketch to XCodeTests";
			productName = "From Sketch to XCodeTests";
			productReference = 9F5E4BC11CF877140054189E /* From Sketch to XCodeTests.xctest */;
			productType = "com.apple.product-type.bundle.unit-test";
		};
		9F5E4BCB1CF877140054189E /* From Sketch to XCodeUITests */ = {
			isa = PBXNativeTarget;
			buildConfigurationList = 9F5E4BDB1CF877140054189E /* Build configuration list for PBXNativeTarget "From Sketch to XCodeUITests" */;
			buildPhases = (
				9F5E4BC81CF877140054189E /* Sources */,
				9F5E4BC91CF877140054189E /* Frameworks */,
				9F5E4BCA1CF877140054189E /* Resources */,
			);
			buildRules = (
			);
			dependencies = (
				9F5E4BCE1CF877140054189E /* PBXTargetDependency */,
			);
			name = "From Sketch to XCodeUITests";
			productName = "From Sketch to XCodeUITests";
			productReference = 9F5E4BCC1CF877140054189E /* From Sketch to XCodeUITests.xctest */;
			productType = "com.apple.product-type.bundle.ui-testing";
		};
/* End PBXNativeTarget section */

/* Begin PBXProject section */
		9F5E4BA51CF877140054189E /* Project object */ = {
			isa = PBXProject;
			attributes = {
				LastSwiftUpdateCheck = 0730;
				LastUpgradeCheck = 0730;
				ORGANIZATIONNAME = MY;
				TargetAttributes = {
					9F5E4BAC1CF877140054189E = {
						CreatedOnToolsVersion = 7.3.1;
					};
					9F5E4BC01CF877140054189E = {
						CreatedOnToolsVersion = 7.3.1;
						TestTargetID = 9F5E4BAC1CF877140054189E;
					};
					9F5E4BCB1CF877140054189E = {
						CreatedOnToolsVersion = 7.3.1;
						TestTargetID = 9F5E4BAC1CF877140054189E;
					};
				};
			};
			buildConfigurationList = 9F5E4BA81CF877140054189E /* Build configuration list for PBXProject "From Sketch to XCode" */;
			compatibilityVersion = "Xcode 3.2";
			developmentRegion = English;
			hasScannedForEncodings = 0;
			knownRegions = (
				en,
				Base,
			);
			mainGroup = 9F5E4BA41CF877140054189E;
			productRefGroup = 9F5E4BAE1CF877140054189E /* Products */;
			projectDirPath = "";
			projectRoot = "";
			targets = (
				9F5E4BAC1CF877140054189E /* From Sketch to XCode */,
				9F5E4BC01CF877140054189E /* From Sketch to XCodeTests */,
				9F5E4BCB1CF877140054189E /* From Sketch to XCodeUITests */,
			);
		};
/* End PBXProject section */

/* Begin PBXResourcesBuildPhase section */
		9F5E4BAB1CF877140054189E /* Resources */ = {
			isa = PBXResourcesBuildPhase;
			buildActionMask = 2147483647;
			files = (
				9F96D7421CFC5E010095F19E /* cog.png in Resources */,
				9F5E4BBB1CF877140054189E /* LaunchScreen.storyboard in Resources */,
				9F5E4BB81CF877140054189E /* Assets.xcassets in Resources */,
				9F5E4BB61CF877140054189E /* Main.storyboard in Resources */,
				9F96D7411CFC5E010095F19E /* cog-wheel.png in Resources */,
			);
			runOnlyForDeploymentPostprocessing = 0;
		};
		9F5E4BBF1CF877140054189E /* Resources */ = {
			isa = PBXResourcesBuildPhase;
			buildActionMask = 2147483647;
			files = (
			);
			runOnlyForDeploymentPostprocessing = 0;
		};
		9F5E4BCA1CF877140054189E /* Resources */ = {
			isa = PBXResourcesBuildPhase;
			buildActionMask = 2147483647;
			files = (
			);
			runOnlyForDeploymentPostprocessing = 0;
		};
/* End PBXResourcesBuildPhase section */

/* Begin PBXSourcesBuildPhase section */
		9F5E4BA91CF877140054189E /* Sources */ = {
			isa = PBXSourcesBuildPhase;
			buildActionMask = 2147483647;
			files = (
				9F5E4BB31CF877140054189E /* ViewController.swift in Sources */,
				9F5E4BB11CF877140054189E /* AppDelegate.swift in Sources */,
				9F5627411CFA8C3E0072BE3D /* ContactModel.swift in Sources */,
				9F0A58C91CFABC1700CA2552 /* DetailViewController.swift in Sources */,
			);
			runOnlyForDeploymentPostprocessing = 0;
		};
		9F5E4BBD1CF877140054189E /* Sources */ = {
			isa = PBXSourcesBuildPhase;
			buildActionMask = 2147483647;
			files = (
				9F5E4BC61CF877140054189E /* From_Sketch_to_XCodeTests.swift in Sources */,
			);
			runOnlyForDeploymentPostprocessing = 0;
		};
		9F5E4BC81CF877140054189E /* Sources */ = {
			isa = PBXSourcesBuildPhase;
			buildActionMask = 2147483647;
			files = (
				9F5E4BD11CF877140054189E /* From_Sketch_to_XCodeUITests.swift in Sources */,
			);
			runOnlyForDeploymentPostprocessing = 0;
		};
/* End PBXSourcesBuildPhase section */

/* Begin PBXTargetDependency section */
		9F5E4BC31CF877140054189E /* PBXTargetDependency */ = {
			isa = PBXTargetDependency;
			target = 9F5E4BAC1CF877140054189E /* From Sketch to XCode */;
			targetProxy = 9F5E4BC21CF877140054189E /* PBXContainerItemProxy */;
		};
		9F5E4BCE1CF877140054189E /* PBXTargetDependency */ = {
			isa = PBXTargetDependency;
			target = 9F5E4BAC1CF877140054189E /* From Sketch to XCode */;
			targetProxy = 9F5E4BCD1CF877140054189E /* PBXContainerItemProxy */;
		};
/* End PBXTargetDependency section */

/* Begin PBXVariantGroup section */
		9F5E4BB41CF877140054189E /* Main.storyboard */ = {
			isa = PBXVariantGroup;
			children = (
				9F5E4BB51CF877140054189E /* Base */,
			);
			name = Main.storyboard;
			sourceTree = "<group>";
		};
		9F5E4BB91CF877140054189E /* LaunchScreen.storyboard */ = {
			isa = PBXVariantGroup;
			children = (
				9F5E4BBA1CF877140054189E /* Base */,
			);
			name = LaunchScreen.storyboard;
			sourceTree = "<group>";
		};
/* End PBXVariantGroup section */

/* Begin XCBuildConfiguration section */
		9F5E4BD31CF877140054189E /* Debug */ = {
			isa = XCBuildConfiguration;
			buildSettings = {
				ALWAYS_SEARCH_USER_PATHS = NO;
				CLANG_ANALYZER_NONNULL = YES;
				CLANG_CXX_LANGUAGE_STANDARD = "gnu++0x";
				CLANG_CXX_LIBRARY = "libc++";
				CLANG_ENABLE_MODULES = YES;
				CLANG_ENABLE_OBJC_ARC = YES;
				CLANG_WARN_BOOL_CONVERSION = YES;
				CLANG_WARN_CONSTANT_CONVERSION = YES;
				CLANG_WARN_DIRECT_OBJC_ISA_USAGE = YES_ERROR;
				CLANG_WARN_EMPTY_BODY = YES;
				CLANG_WARN_ENUM_CONVERSION = YES;
				CLANG_WARN_INT_CONVERSION = YES;
				CLANG_WARN_OBJC_ROOT_CLASS = YES_ERROR;
				CLANG_WARN_UNREACHABLE_CODE = YES;
				CLANG_WARN__DUPLICATE_METHOD_MATCH = YES;
				"CODE_SIGN_IDENTITY[sdk=iphoneos*]" = "iPhone Developer";
				COPY_PHASE_STRIP = NO;
				DEBUG_INFORMATION_FORMAT = dwarf;
				ENABLE_STRICT_OBJC_MSGSEND = YES;
				ENABLE_TESTABILITY = YES;
				GCC_C_LANGUAGE_STANDARD = gnu99;
				GCC_DYNAMIC_NO_PIC = NO;
				GCC_NO_COMMON_BLOCKS = YES;
				GCC_OPTIMIZATION_LEVEL = 0;
				GCC_PREPROCESSOR_DEFINITIONS = (
					"DEBUG=1",
					"$(inherited)",
				);
				GCC_WARN_64_TO_32_BIT_CONVERSION = YES;
				GCC_WARN_ABOUT_RETURN_TYPE = YES_ERROR;
				GCC_WARN_UNDECLARED_SELECTOR = YES;
				GCC_WARN_UNINITIALIZED_AUTOS = YES_AGGRESSIVE;
				GCC_WARN_UNUSED_FUNCTION = YES;
				GCC_WARN_UNUSED_VARIABLE = YES;
				IPHONEOS_DEPLOYMENT_TARGET = 9.3;
				MTL_ENABLE_DEBUG_INFO = YES;
				ONLY_ACTIVE_ARCH = YES;
				SDKROOT = iphoneos;
				SWIFT_OPTIMIZATION_LEVEL = "-Onone";
				TARGETED_DEVICE_FAMILY = "1,2";
			};
			name = Debug;
		};
		9F5E4BD41CF877140054189E /* Release */ = {
			isa = XCBuildConfiguration;
			buildSettings = {
				ALWAYS_SEARCH_USER_PATHS = NO;
				CLANG_ANALYZER_NONNULL = YES;
				CLANG_CXX_LANGUAGE_STANDARD = "gnu++0x";
				CLANG_CXX_LIBRARY = "libc++";
				CLANG_ENABLE_MODULES = YES;
				CLANG_ENABLE_OBJC_ARC = YES;
				CLANG_WARN_BOOL_CONVERSION = YES;
				CLANG_WARN_CONSTANT_CONVERSION = YES;
				CLANG_WARN_DIRECT_OBJC_ISA_USAGE = YES_ERROR;
				CLANG_WARN_EMPTY_BODY = YES;
				CLANG_WARN_ENUM_CONVERSION = YES;
				CLANG_WARN_INT_CONVERSION = YES;
				CLANG_WARN_OBJC_ROOT_CLASS = YES_ERROR;
				CLANG_WARN_UNREACHABLE_CODE = YES;
				CLANG_WARN__DUPLICATE_METHOD_MATCH = YES;
				"CODE_SIGN_IDENTITY[sdk=iphoneos*]" = "iPhone Developer";
				COPY_PHASE_STRIP = NO;
				DEBUG_INFORMATION_FORMAT = "dwarf-with-dsym";
				ENABLE_NS_ASSERTIONS = NO;
				ENABLE_STRICT_OBJC_MSGSEND = YES;
				GCC_C_LANGUAGE_STANDARD = gnu99;
				GCC_NO_COMMON_BLOCKS = YES;
				GCC_WARN_64_TO_32_BIT_CONVERSION = YES;
				GCC_WARN_ABOUT_RETURN_TYPE = YES_ERROR;
				GCC_WARN_UNDECLARED_SELECTOR = YES;
				GCC_WARN_UNINITIALIZED_AUTOS = YES_AGGRESSIVE;
				GCC_WARN_UNUSED_FUNCTION = YES;
				GCC_WARN_UNUSED_VARIABLE = YES;
				IPHONEOS_DEPLOYMENT_TARGET = 9.3;
				MTL_ENABLE_DEBUG_INFO = NO;
				SDKROOT = iphoneos;
				TARGETED_DEVICE_FAMILY = "1,2";
				VALIDATE_PRODUCT = YES;
			};
			name = Release;
		};
		9F5E4BD61CF877140054189E /* Debug */ = {
			isa = XCBuildConfiguration;
			buildSettings = {
				ASSETCATALOG_COMPILER_APPICON_NAME = AppIcon;
				INFOPLIST_FILE = "From Sketch to XCode/Info.plist";
				LD_RUNPATH_SEARCH_PATHS = "$(inherited) @executable_path/Frameworks";
				PRODUCT_BUNDLE_IDENTIFIER = "InvisibleElephant.From-Sketch-to-XCode";
				PRODUCT_NAME = "$(TARGET_NAME)";
			};
			name = Debug;
		};
		9F5E4BD71CF877140054189E /* Release */ = {
			isa = XCBuildConfiguration;
			buildSettings = {
				ASSETCATALOG_COMPILER_APPICON_NAME = AppIcon;
				INFOPLIST_FILE = "From Sketch to XCode/Info.plist";
				LD_RUNPATH_SEARCH_PATHS = "$(inherited) @executable_path/Frameworks";
				PRODUCT_BUNDLE_IDENTIFIER = "InvisibleElephant.From-Sketch-to-XCode";
				PRODUCT_NAME = "$(TARGET_NAME)";
			};
			name = Release;
		};
		9F5E4BD91CF877140054189E /* Debug */ = {
			isa = XCBuildConfiguration;
			buildSettings = {
				BUNDLE_LOADER = "$(TEST_HOST)";
				INFOPLIST_FILE = "From Sketch to XCodeTests/Info.plist";
				LD_RUNPATH_SEARCH_PATHS = "$(inherited) @executable_path/Frameworks @loader_path/Frameworks";
				PRODUCT_BUNDLE_IDENTIFIER = "InvisibleElephant.From-Sketch-to-XCodeTests";
				PRODUCT_NAME = "$(TARGET_NAME)";
				TEST_HOST = "$(BUILT_PRODUCTS_DIR)/From Sketch to XCode.app/From Sketch to XCode";
			};
			name = Debug;
		};
		9F5E4BDA1CF877140054189E /* Release */ = {
			isa = XCBuildConfiguration;
			buildSettings = {
				BUNDLE_LOADER = "$(TEST_HOST)";
				INFOPLIST_FILE = "From Sketch to XCodeTests/Info.plist";
				LD_RUNPATH_SEARCH_PATHS = "$(inherited) @executable_path/Frameworks @loader_path/Frameworks";
				PRODUCT_BUNDLE_IDENTIFIER = "InvisibleElephant.From-Sketch-to-XCodeTests";
				PRODUCT_NAME = "$(TARGET_NAME)";
				TEST_HOST = "$(BUILT_PRODUCTS_DIR)/From Sketch to XCode.app/From Sketch to XCode";
			};
			name = Release;
		};
		9F5E4BDC1CF877140054189E /* Debug */ = {
			isa = XCBuildConfiguration;
			buildSettings = {
				INFOPLIST_FILE = "From Sketch to XCodeUITests/Info.plist";
				LD_RUNPATH_SEARCH_PATHS = "$(inherited) @executable_path/Frameworks @loader_path/Frameworks";
				PRODUCT_BUNDLE_IDENTIFIER = "InvisibleElephant.From-Sketch-to-XCodeUITests";
				PRODUCT_NAME = "$(TARGET_NAME)";
				TEST_TARGET_NAME = "From Sketch to XCode";
			};
			name = Debug;
		};
		9F5E4BDD1CF877140054189E /* Release */ = {
			isa = XCBuildConfiguration;
			buildSettings = {
				INFOPLIST_FILE = "From Sketch to XCodeUITests/Info.plist";
				LD_RUNPATH_SEARCH_PATHS = "$(inherited) @executable_path/Frameworks @loader_path/Frameworks";
				PRODUCT_BUNDLE_IDENTIFIER = "InvisibleElephant.From-Sketch-to-XCodeUITests";
				PRODUCT_NAME = "$(TARGET_NAME)";
				TEST_TARGET_NAME = "From Sketch to XCode";
			};
			name = Release;
		};
/* End XCBuildConfiguration section */

/* Begin XCConfigurationList section */
		9F5E4BA81CF877140054189E /* Build configuration list for PBXProject "From Sketch to XCode" */ = {
			isa = XCConfigurationList;
			buildConfigurations = (
				9F5E4BD31CF877140054189E /* Debug */,
				9F5E4BD41CF877140054189E /* Release */,
			);
			defaultConfigurationIsVisible = 0;
			defaultConfigurationName = Release;
		};
		9F5E4BD51CF877140054189E /* Build configuration list for PBXNativeTarget "From Sketch to XCode" */ = {
			isa = XCConfigurationList;
			buildConfigurations = (
				9F5E4BD61CF877140054189E /* Debug */,
				9F5E4BD71CF877140054189E /* Release */,
			);
			defaultConfigurationIsVisible = 0;
			defaultConfigurationName = Release;
		};
		9F5E4BD81CF877140054189E /* Build configuration list for PBXNativeTarget "From Sketch to XCodeTests" */ = {
			isa = XCConfigurationList;
			buildConfigurations = (
				9F5E4BD91CF877140054189E /* Debug */,
				9F5E4BDA1CF877140054189E /* Release */,
			);
			defaultConfigurationIsVisible = 0;
			defaultConfigurationName = Release;
		};
		9F5E4BDB1CF877140054189E /* Build configuration list for PBXNativeTarget "From Sketch to XCodeUITests" */ = {
			isa = XCConfigurationList;
			buildConfigurations = (
				9F5E4BDC1CF877140054189E /* Debug */,
				9F5E4BDD1CF877140054189E /* Release */,
			);
			defaultConfigurationIsVisible = 0;
			defaultConfigurationName = Release;
		};
/* End XCConfigurationList section */
	};
	rootObject = 9F5E4BA51CF877140054189E /* Project object */;
}
